
Microsoft Visual Studio Solution File, Format Version 12.00
# Visual Studio 15
VisualStudioVersion = 15.0.27428.2005
MinimumVisualStudioVersion = 10.0.40219.1
Project("{888888A0-9F3D-457C-B088-3A5042F75D52}") = "FitTeam", "FitTeam.pyproj", "{05360EA9-7A83-42C9-81FB-1105A949FA89}"
EndProject
Global
	GlobalSection(SolutionConfigurationPlatforms) = preSolution
		Debug|Any CPU = Debug|Any CPU
		Release|Any CPU = Release|Any CPU
	EndGlobalSection
	GlobalSection(ProjectConfigurationPlatforms) = postSolution
		{05360EA9-7A83-42C9-81FB-1105A949FA89}.Debug|Any CPU.ActiveCfg = Debug|Any CPU
		{05360EA9-7A83-42C9-81FB-1105A949FA89}.Release|Any CPU.ActiveCfg = Release|Any CPU
	EndGlobalSection
	GlobalSection(SolutionProperties) = preSolution
		HideSolutionNode = FALSE
	EndGlobalSection
	GlobalSection(ExtensibilityGlobals) = postSolution
		SolutionGuid = {6B577E50-C058-407E-AB05-8EBD1B4B395E}
	EndGlobalSection
EndGlobal
